
Microsoft Visual Studio Solution File, Format Version 12.00
# Visual Studio Version 17
VisualStudioVersion = 17.8.34330.188
MinimumVisualStudioVersion = 10.0.40219.1
Project("{FAE04EC0-301F-11D3-BF4B-00C04F79EFBC}") = "OOP-FInalProject", "OOP-FInalProject.csproj", "{7E9BD1C1-7661-4D1B-BE6F-CF04E766F321}"
EndProject
Global
	GlobalSection(SolutionConfigurationPlatforms) = preSolution
		Debug|Any CPU = Debug|Any CPU
		Release|Any CPU = Release|Any CPU
	EndGlobalSection
	GlobalSection(ProjectConfigurationPlatforms) = postSolution
		{7E9BD1C1-7661-4D1B-BE6F-CF04E766F321}.Debug|Any CPU.ActiveCfg = Debug|Any CPU
		{7E9BD1C1-7661-4D1B-BE6F-CF04E766F321}.Debug|Any CPU.Build.0 = Debug|Any CPU
		{7E9BD1C1-7661-4D1B-BE6F-CF04E766F321}.Debug|Any CPU.Deploy.0 = Debug|Any CPU
		{7E9BD1C1-7661-4D1B-BE6F-CF04E766F321}.Release|Any CPU.ActiveCfg = Release|Any CPU
		{7E9BD1C1-7661-4D1B-BE6F-CF04E766F321}.Release|Any CPU.Build.0 = Release|Any CPU
		{7E9BD1C1-7661-4D1B-BE6F-CF04E766F321}.Release|Any CPU.Deploy.0 = Release|Any CPU
	EndGlobalSection
	GlobalSection(SolutionProperties) = preSolution
		HideSolutionNode = FALSE
	EndGlobalSection
	GlobalSection(ExtensibilityGlobals) = postSolution
		SolutionGuid = {4FDC49C8-C4B1-48A6-83AD-A49E59C3D5EB}
	EndGlobalSection
EndGlobal
