
Microsoft Visual Studio Solution File, Format Version 12.00
# Visual Studio Version 17
VisualStudioVersion = 17.8.34330.188
MinimumVisualStudioVersion = 10.0.40219.1
Project("{9A19103F-16F7-4668-BE54-9A1E7A4F7556}") = "TourManager", "TourManager.csproj", "{4A5014CD-226C-4D03-A239-C719013F1BD7}"
EndProject
Global
	GlobalSection(SolutionConfigurationPlatforms) = preSolution
		Debug|Any CPU = Debug|Any CPU
		Release|Any CPU = Release|Any CPU
	EndGlobalSection
	GlobalSection(ProjectConfigurationPlatforms) = postSolution
		{4A5014CD-226C-4D03-A239-C719013F1BD7}.Debug|Any CPU.ActiveCfg = Debug|Any CPU
		{4A5014CD-226C-4D03-A239-C719013F1BD7}.Debug|Any CPU.Build.0 = Debug|Any CPU
		{4A5014CD-226C-4D03-A239-C719013F1BD7}.Debug|Any CPU.Deploy.0 = Debug|Any CPU
		{4A5014CD-226C-4D03-A239-C719013F1BD7}.Release|Any CPU.ActiveCfg = Release|Any CPU
		{4A5014CD-226C-4D03-A239-C719013F1BD7}.Release|Any CPU.Build.0 = Release|Any CPU
		{4A5014CD-226C-4D03-A239-C719013F1BD7}.Release|Any CPU.Deploy.0 = Release|Any CPU
	EndGlobalSection
	GlobalSection(SolutionProperties) = preSolution
		HideSolutionNode = FALSE
	EndGlobalSection
	GlobalSection(ExtensibilityGlobals) = postSolution
		SolutionGuid = {A8810EEE-7B9E-496C-B979-855E9AF2F1BB}
	EndGlobalSection
EndGlobal
